// !$*UTF8*$!
{
	archiveVersion = 1;
	classes = {
	};
	objectVersion = 55;
	objects = {

/* Begin PBXBuildFile section */
		E54AE6FD273E6E2200881881 /* BuildBenchmarkApp.swift in Sources */ = {isa = PBXBuildFile; fileRef = E54AE6FC273E6E2200881881 /* BuildBenchmarkApp.swift */; };
		E54AE6FF273E6E2200881881 /* ContentView.swift in Sources */ = {isa = PBXBuildFile; fileRef = E54AE6FE273E6E2200881881 /* ContentView.swift */; };
		E54AE701273E6E2300881881 /* Assets.xcassets in Resources */ = {isa = PBXBuildFile; fileRef = E54AE700273E6E2300881881 /* Assets.xcassets */; };
		E54AE704273E6E2300881881 /* Preview Assets.xcassets in Resources */ = {isa = PBXBuildFile; fileRef = E54AE703273E6E2300881881 /* Preview Assets.xcassets */; };
		E54AE70F273E6EB600881881 /* Alamofire in Frameworks */ = {isa = PBXBuildFile; productRef = E54AE70E273E6EB600881881 /* Alamofire */; };
		E54AE712273E6EEB00881881 /* Realm in Frameworks */ = {isa = PBXBuildFile; productRef = E54AE711273E6EEB00881881 /* Realm */; };
		E54AE714273E6EEB00881881 /* RealmSwift in Frameworks */ = {isa = PBXBuildFile; productRef = E54AE713273E6EEB00881881 /* RealmSwift */; };
		E54AE717273E6F7300881881 /* KeychainAccess in Frameworks */ = {isa = PBXBuildFile; productRef = E54AE716273E6F7300881881 /* KeychainAccess */; };
		E54AE71A273E6F9800881881 /* RxBlocking in Frameworks */ = {isa = PBXBuildFile; productRef = E54AE719273E6F9800881881 /* RxBlocking */; };
		E54AE71C273E6F9800881881 /* RxCocoa in Frameworks */ = {isa = PBXBuildFile; productRef = E54AE71B273E6F9800881881 /* RxCocoa */; };
		E54AE71E273E6F9800881881 /* RxRelay in Frameworks */ = {isa = PBXBuildFile; productRef = E54AE71D273E6F9800881881 /* RxRelay */; };
		E54AE720273E6F9800881881 /* RxSwift in Frameworks */ = {isa = PBXBuildFile; productRef = E54AE71F273E6F9800881881 /* RxSwift */; };
		E54AE723273E706600881881 /* FirebaseAnalytics in Frameworks */ = {isa = PBXBuildFile; productRef = E54AE722273E706600881881 /* FirebaseAnalytics */; };
		E54AE725273E706600881881 /* FirebaseAuth in Frameworks */ = {isa = PBXBuildFile; productRef = E54AE724273E706600881881 /* FirebaseAuth */; };
		E54AE727273E706600881881 /* FirebaseCrashlytics in Frameworks */ = {isa = PBXBuildFile; productRef = E54AE726273E706600881881 /* FirebaseCrashlytics */; };
		E54AE729273E706600881881 /* FirebaseFirestore in Frameworks */ = {isa = PBXBuildFile; productRef = E54AE728273E706600881881 /* FirebaseFirestore */; };
		E54AE72B273E706600881881 /* FirebaseMessaging in Frameworks */ = {isa = PBXBuildFile; productRef = E54AE72A273E706600881881 /* FirebaseMessaging */; };
		E54AE72D273E706600881881 /* FirebaseRemoteConfig in Frameworks */ = {isa = PBXBuildFile; productRef = E54AE72C273E706600881881 /* FirebaseRemoteConfig */; };
		E54AE72F273E706600881881 /* FirebaseStorage in Frameworks */ = {isa = PBXBuildFile; productRef = E54AE72E273E706600881881 /* FirebaseStorage */; };
/* End PBXBuildFile section */

/* Begin PBXFileReference section */
		E54AE6F9273E6E2200881881 /* BuildBenchmark.app */ = {isa = PBXFileReference; explicitFileType = wrapper.application; includeInIndex = 0; path = BuildBenchmark.app; sourceTree = BUILT_PRODUCTS_DIR; };
		E54AE6FC273E6E2200881881 /* BuildBenchmarkApp.swift */ = {isa = PBXFileReference; lastKnownFileType = sourcecode.swift; path = BuildBenchmarkApp.swift; sourceTree = "<group>"; };
		E54AE6FE273E6E2200881881 /* ContentView.swift */ = {isa = PBXFileReference; lastKnownFileType = sourcecode.swift; path = ContentView.swift; sourceTree = "<group>"; };
		E54AE700273E6E2300881881 /* Assets.xcassets */ = {isa = PBXFileReference; lastKnownFileType = folder.assetcatalog; path = Assets.xcassets; sourceTree = "<group>"; };
		E54AE703273E6E2300881881 /* Preview Assets.xcassets */ = {isa = PBXFileReference; lastKnownFileType = folder.assetcatalog; path = "Preview Assets.xcassets"; sourceTree = "<group>"; };
/* End PBXFileReference section */

/* Begin PBXFrameworksBuildPhase section */
		E54AE6F6273E6E2200881881 /* Frameworks */ = {
			isa = PBXFrameworksBuildPhase;
			buildActionMask = 2147483647;
			files = (
				E54AE71C273E6F9800881881 /* RxCocoa in Frameworks */,
				E54AE725273E706600881881 /* FirebaseAuth in Frameworks */,
				E54AE717273E6F7300881881 /* KeychainAccess in Frameworks */,
				E54AE72D273E706600881881 /* FirebaseRemoteConfig in Frameworks */,
				E54AE71E273E6F9800881881 /* RxRelay in Frameworks */,
				E54AE714273E6EEB00881881 /* RealmSwift in Frameworks */,
				E54AE729273E706600881881 /* FirebaseFirestore in Frameworks */,
				E54AE727273E706600881881 /* FirebaseCrashlytics in Frameworks */,
				E54AE72F273E706600881881 /* FirebaseStorage in Frameworks */,
				E54AE712273E6EEB00881881 /* Realm in Frameworks */,
				E54AE72B273E706600881881 /* FirebaseMessaging in Frameworks */,
				E54AE70F273E6EB600881881 /* Alamofire in Frameworks */,
				E54AE720273E6F9800881881 /* RxSwift in Frameworks */,
				E54AE71A273E6F9800881881 /* RxBlocking in Frameworks */,
				E54AE723273E706600881881 /* FirebaseAnalytics in Frameworks */,
			);
			runOnlyForDeploymentPostprocessing = 0;
		};
/* End PBXFrameworksBuildPhase section */

/* Begin PBXGroup section */
		E54AE6F0273E6E2200881881 = {
			isa = PBXGroup;
			children = (
				E54AE6FB273E6E2200881881 /* BuildBenchmark */,
				E54AE6FA273E6E2200881881 /* Products */,
			);
			sourceTree = "<group>";
		};
		E54AE6FA273E6E2200881881 /* Products */ = {
			isa = PBXGroup;
			children = (
				E54AE6F9273E6E2200881881 /* BuildBenchmark.app */,
			);
			name = Products;
			sourceTree = "<group>";
		};
		E54AE6FB273E6E2200881881 /* BuildBenchmark */ = {
			isa = PBXGroup;
			children = (
				E54AE6FC273E6E2200881881 /* BuildBenchmarkApp.swift */,
				E54AE6FE273E6E2200881881 /* ContentView.swift */,
				E54AE700273E6E2300881881 /* Assets.xcassets */,
				E54AE702273E6E2300881881 /* Preview Content */,
			);
			path = BuildBenchmark;
			sourceTree = "<group>";
		};
		E54AE702273E6E2300881881 /* Preview Content */ = {
			isa = PBXGroup;
			children = (
				E54AE703273E6E2300881881 /* Preview Assets.xcassets */,
			);
			path = "Preview Content";
			sourceTree = "<group>";
		};
/* End PBXGroup section */

/* Begin PBXNativeTarget section */
		E54AE6F8273E6E2200881881 /* BuildBenchmark */ = {
			isa = PBXNativeTarget;
			buildConfigurationList = E54AE707273E6E2300881881 /* Build configuration list for PBXNativeTarget "BuildBenchmark" */;
			buildPhases = (
				E54AE6F5273E6E2200881881 /* Sources */,
				E54AE6F6273E6E2200881881 /* Frameworks */,
				E54AE6F7273E6E2200881881 /* Resources */,
			);
			buildRules = (
			);
			dependencies = (
			);
			name = BuildBenchmark;
			packageProductDependencies = (
				E54AE70E273E6EB600881881 /* Alamofire */,
				E54AE711273E6EEB00881881 /* Realm */,
				E54AE713273E6EEB00881881 /* RealmSwift */,
				E54AE716273E6F7300881881 /* KeychainAccess */,
				E54AE719273E6F9800881881 /* RxBlocking */,
				E54AE71B273E6F9800881881 /* RxCocoa */,
				E54AE71D273E6F9800881881 /* RxRelay */,
				E54AE71F273E6F9800881881 /* RxSwift */,
				E54AE722273E706600881881 /* FirebaseAnalytics */,
				E54AE724273E706600881881 /* FirebaseAuth */,
				E54AE726273E706600881881 /* FirebaseCrashlytics */,
				E54AE728273E706600881881 /* FirebaseFirestore */,
				E54AE72A273E706600881881 /* FirebaseMessaging */,
				E54AE72C273E706600881881 /* FirebaseRemoteConfig */,
				E54AE72E273E706600881881 /* FirebaseStorage */,
			);
			productName = BuildBenchmark;
			productReference = E54AE6F9273E6E2200881881 /* BuildBenchmark.app */;
			productType = "com.apple.product-type.application";
		};
/* End PBXNativeTarget section */

/* Begin PBXProject section */
		E54AE6F1273E6E2200881881 /* Project object */ = {
			isa = PBXProject;
			attributes = {
				BuildIndependentTargetsInParallel = 1;
				LastSwiftUpdateCheck = 1310;
				LastUpgradeCheck = 1310;
				TargetAttributes = {
					E54AE6F8273E6E2200881881 = {
						CreatedOnToolsVersion = 13.1;
					};
				};
			};
			buildConfigurationList = E54AE6F4273E6E2200881881 /* Build configuration list for PBXProject "BuildBenchmark" */;
			compatibilityVersion = "Xcode 13.0";
			developmentRegion = en;
			hasScannedForEncodings = 0;
			knownRegions = (
				en,
				Base,
			);
			mainGroup = E54AE6F0273E6E2200881881;
			packageReferences = (
				E54AE70D273E6EB600881881 /* XCRemoteSwiftPackageReference "Alamofire" */,
				E54AE710273E6EEB00881881 /* XCRemoteSwiftPackageReference "realm-cocoa" */,
				E54AE715273E6F7300881881 /* XCRemoteSwiftPackageReference "KeychainAccess" */,
				E54AE718273E6F9800881881 /* XCRemoteSwiftPackageReference "RxSwift" */,
				E54AE721273E706600881881 /* XCRemoteSwiftPackageReference "firebase-ios-sdk" */,
			);
			productRefGroup = E54AE6FA273E6E2200881881 /* Products */;
			projectDirPath = "";
			projectRoot = "";
			targets = (
				E54AE6F8273E6E2200881881 /* BuildBenchmark */,
			);
		};
/* End PBXProject section */

/* Begin PBXResourcesBuildPhase section */
		E54AE6F7273E6E2200881881 /* Resources */ = {
			isa = PBXResourcesBuildPhase;
			buildActionMask = 2147483647;
			files = (
				E54AE704273E6E2300881881 /* Preview Assets.xcassets in Resources */,
				E54AE701273E6E2300881881 /* Assets.xcassets in Resources */,
			);
			runOnlyForDeploymentPostprocessing = 0;
		};
/* End PBXResourcesBuildPhase section */

/* Begin PBXSourcesBuildPhase section */
		E54AE6F5273E6E2200881881 /* Sources */ = {
			isa = PBXSourcesBuildPhase;
			buildActionMask = 2147483647;
			files = (
				E54AE6FF273E6E2200881881 /* ContentView.swift in Sources */,
				E54AE6FD273E6E2200881881 /* BuildBenchmarkApp.swift in Sources */,
			);
			runOnlyForDeploymentPostprocessing = 0;
		};
/* End PBXSourcesBuildPhase section */

/* Begin XCBuildConfiguration section */
		E54AE705273E6E2300881881 /* Debug */ = {
			isa = XCBuildConfiguration;
			buildSettings = {
				ALWAYS_SEARCH_USER_PATHS = NO;
				CLANG_ANALYZER_NONNULL = YES;
				CLANG_ANALYZER_NUMBER_OBJECT_CONVERSION = YES_AGGRESSIVE;
				CLANG_CXX_LANGUAGE_STANDARD = "gnu++17";
				CLANG_CXX_LIBRARY = "libc++";
				CLANG_ENABLE_MODULES = YES;
				CLANG_ENABLE_OBJC_ARC = YES;
				CLANG_ENABLE_OBJC_WEAK = YES;
				CLANG_WARN_BLOCK_CAPTURE_AUTORELEASING = YES;
				CLANG_WARN_BOOL_CONVERSION = YES;
				CLANG_WARN_COMMA = YES;
				CLANG_WARN_CONSTANT_CONVERSION = YES;
				CLANG_WARN_DEPRECATED_OBJC_IMPLEMENTATIONS = YES;
				CLANG_WARN_DIRECT_OBJC_ISA_USAGE = YES_ERROR;
				CLANG_WARN_DOCUMENTATION_COMMENTS = YES;
				CLANG_WARN_EMPTY_BODY = YES;
				CLANG_WARN_ENUM_CONVERSION = YES;
				CLANG_WARN_INFINITE_RECURSION = YES;
				CLANG_WARN_INT_CONVERSION = YES;
				CLANG_WARN_NON_LITERAL_NULL_CONVERSION = YES;
				CLANG_WARN_OBJC_IMPLICIT_RETAIN_SELF = YES;
				CLANG_WARN_OBJC_LITERAL_CONVERSION = YES;
				CLANG_WARN_OBJC_ROOT_CLASS = YES_ERROR;
				CLANG_WARN_QUOTED_INCLUDE_IN_FRAMEWORK_HEADER = YES;
				CLANG_WARN_RANGE_LOOP_ANALYSIS = YES;
				CLANG_WARN_STRICT_PROTOTYPES = YES;
				CLANG_WARN_SUSPICIOUS_MOVE = YES;
				CLANG_WARN_UNGUARDED_AVAILABILITY = YES_AGGRESSIVE;
				CLANG_WARN_UNREACHABLE_CODE = YES;
				CLANG_WARN__DUPLICATE_METHOD_MATCH = YES;
				COPY_PHASE_STRIP = NO;
				DEBUG_INFORMATION_FORMAT = dwarf;
				ENABLE_STRICT_OBJC_MSGSEND = YES;
				ENABLE_TESTABILITY = YES;
				GCC_C_LANGUAGE_STANDARD = gnu11;
				GCC_DYNAMIC_NO_PIC = NO;
				GCC_NO_COMMON_BLOCKS = YES;
				GCC_OPTIMIZATION_LEVEL = 0;
				GCC_PREPROCESSOR_DEFINITIONS = (
					"DEBUG=1",
					"$(inherited)",
				);
				GCC_WARN_64_TO_32_BIT_CONVERSION = YES;
				GCC_WARN_ABOUT_RETURN_TYPE = YES_ERROR;
				GCC_WARN_UNDECLARED_SELECTOR = YES;
				GCC_WARN_UNINITIALIZED_AUTOS = YES_AGGRESSIVE;
				GCC_WARN_UNUSED_FUNCTION = YES;
				GCC_WARN_UNUSED_VARIABLE = YES;
				IPHONEOS_DEPLOYMENT_TARGET = 15.0;
				MTL_ENABLE_DEBUG_INFO = INCLUDE_SOURCE;
				MTL_FAST_MATH = YES;
				ONLY_ACTIVE_ARCH = YES;
				SDKROOT = iphoneos;
				SWIFT_ACTIVE_COMPILATION_CONDITIONS = DEBUG;
				SWIFT_OPTIMIZATION_LEVEL = "-Onone";
			};
			name = Debug;
		};
		E54AE706273E6E2300881881 /* Release */ = {
			isa = XCBuildConfiguration;
			buildSettings = {
				ALWAYS_SEARCH_USER_PATHS = NO;
				CLANG_ANALYZER_NONNULL = YES;
				CLANG_ANALYZER_NUMBER_OBJECT_CONVERSION = YES_AGGRESSIVE;
				CLANG_CXX_LANGUAGE_STANDARD = "gnu++17";
				CLANG_CXX_LIBRARY = "libc++";
				CLANG_ENABLE_MODULES = YES;
				CLANG_ENABLE_OBJC_ARC = YES;
				CLANG_ENABLE_OBJC_WEAK = YES;
				CLANG_WARN_BLOCK_CAPTURE_AUTORELEASING = YES;
				CLANG_WARN_BOOL_CONVERSION = YES;
				CLANG_WARN_COMMA = YES;
				CLANG_WARN_CONSTANT_CONVERSION = YES;
				CLANG_WARN_DEPRECATED_OBJC_IMPLEMENTATIONS = YES;
				CLANG_WARN_DIRECT_OBJC_ISA_USAGE = YES_ERROR;
				CLANG_WARN_DOCUMENTATION_COMMENTS = YES;
				CLANG_WARN_EMPTY_BODY = YES;
				CLANG_WARN_ENUM_CONVERSION = YES;
				CLANG_WARN_INFINITE_RECURSION = YES;
				CLANG_WARN_INT_CONVERSION = YES;
				CLANG_WARN_NON_LITERAL_NULL_CONVERSION = YES;
				CLANG_WARN_OBJC_IMPLICIT_RETAIN_SELF = YES;
				CLANG_WARN_OBJC_LITERAL_CONVERSION = YES;
				CLANG_WARN_OBJC_ROOT_CLASS = YES_ERROR;
				CLANG_WARN_QUOTED_INCLUDE_IN_FRAMEWORK_HEADER = YES;
				CLANG_WARN_RANGE_LOOP_ANALYSIS = YES;
				CLANG_WARN_STRICT_PROTOTYPES = YES;
				CLANG_WARN_SUSPICIOUS_MOVE = YES;
				CLANG_WARN_UNGUARDED_AVAILABILITY = YES_AGGRESSIVE;
				CLANG_WARN_UNREACHABLE_CODE = YES;
				CLANG_WARN__DUPLICATE_METHOD_MATCH = YES;
				COPY_PHASE_STRIP = NO;
				DEBUG_INFORMATION_FORMAT = "dwarf-with-dsym";
				ENABLE_NS_ASSERTIONS = NO;
				ENABLE_STRICT_OBJC_MSGSEND = YES;
				GCC_C_LANGUAGE_STANDARD = gnu11;
				GCC_NO_COMMON_BLOCKS = YES;
				GCC_WARN_64_TO_32_BIT_CONVERSION = YES;
				GCC_WARN_ABOUT_RETURN_TYPE = YES_ERROR;
				GCC_WARN_UNDECLARED_SELECTOR = YES;
				GCC_WARN_UNINITIALIZED_AUTOS = YES_AGGRESSIVE;
				GCC_WARN_UNUSED_FUNCTION = YES;
				GCC_WARN_UNUSED_VARIABLE = YES;
				IPHONEOS_DEPLOYMENT_TARGET = 15.0;
				MTL_ENABLE_DEBUG_INFO = NO;
				MTL_FAST_MATH = YES;
				SDKROOT = iphoneos;
				SWIFT_COMPILATION_MODE = wholemodule;
				SWIFT_OPTIMIZATION_LEVEL = "-O";
				VALIDATE_PRODUCT = YES;
			};
			name = Release;
		};
		E54AE708273E6E2300881881 /* Debug */ = {
			isa = XCBuildConfiguration;
			buildSettings = {
				ASSETCATALOG_COMPILER_APPICON_NAME = AppIcon;
				ASSETCATALOG_COMPILER_GLOBAL_ACCENT_COLOR_NAME = AccentColor;
				CODE_SIGN_STYLE = Automatic;
				CURRENT_PROJECT_VERSION = 1;
				DEVELOPMENT_ASSET_PATHS = "\"BuildBenchmark/Preview Content\"";
				ENABLE_PREVIEWS = YES;
				GENERATE_INFOPLIST_FILE = YES;
				INFOPLIST_KEY_UIApplicationSceneManifest_Generation = YES;
				INFOPLIST_KEY_UIApplicationSupportsIndirectInputEvents = YES;
				INFOPLIST_KEY_UILaunchScreen_Generation = YES;
				INFOPLIST_KEY_UISupportedInterfaceOrientations_iPad = "UIInterfaceOrientationPortrait UIInterfaceOrientationPortraitUpsideDown UIInterfaceOrientationLandscapeLeft UIInterfaceOrientationLandscapeRight";
				INFOPLIST_KEY_UISupportedInterfaceOrientations_iPhone = "UIInterfaceOrientationPortrait UIInterfaceOrientationLandscapeLeft UIInterfaceOrientationLandscapeRight";
				LD_RUNPATH_SEARCH_PATHS = (
					"$(inherited)",
					"@executable_path/Frameworks",
				);
				MARKETING_VERSION = 1.0;
				PRODUCT_BUNDLE_IDENTIFIER = net.akio0911.BuildBenchmark;
				PRODUCT_NAME = "$(TARGET_NAME)";
				SWIFT_EMIT_LOC_STRINGS = YES;
				SWIFT_VERSION = 5.0;
				TARGETED_DEVICE_FAMILY = "1,2";
			};
			name = Debug;
		};
		E54AE709273E6E2300881881 /* Release */ = {
			isa = XCBuildConfiguration;
			buildSettings = {
				ASSETCATALOG_COMPILER_APPICON_NAME = AppIcon;
				ASSETCATALOG_COMPILER_GLOBAL_ACCENT_COLOR_NAME = AccentColor;
				CODE_SIGN_STYLE = Automatic;
				CURRENT_PROJECT_VERSION = 1;
				DEVELOPMENT_ASSET_PATHS = "\"BuildBenchmark/Preview Content\"";
				ENABLE_PREVIEWS = YES;
				GENERATE_INFOPLIST_FILE = YES;
				INFOPLIST_KEY_UIApplicationSceneManifest_Generation = YES;
				INFOPLIST_KEY_UIApplicationSupportsIndirectInputEvents = YES;
				INFOPLIST_KEY_UILaunchScreen_Generation = YES;
				INFOPLIST_KEY_UISupportedInterfaceOrientations_iPad = "UIInterfaceOrientationPortrait UIInterfaceOrientationPortraitUpsideDown UIInterfaceOrientationLandscapeLeft UIInterfaceOrientationLandscapeRight";
				INFOPLIST_KEY_UISupportedInterfaceOrientations_iPhone = "UIInterfaceOrientationPortrait UIInterfaceOrientationLandscapeLeft UIInterfaceOrientationLandscapeRight";
				LD_RUNPATH_SEARCH_PATHS = (
					"$(inherited)",
					"@executable_path/Frameworks",
				);
				MARKETING_VERSION = 1.0;
				PRODUCT_BUNDLE_IDENTIFIER = net.akio0911.BuildBenchmark;
				PRODUCT_NAME = "$(TARGET_NAME)";
				SWIFT_EMIT_LOC_STRINGS = YES;
				SWIFT_VERSION = 5.0;
				TARGETED_DEVICE_FAMILY = "1,2";
			};
			name = Release;
		};
/* End XCBuildConfiguration section */

/* Begin XCConfigurationList section */
		E54AE6F4273E6E2200881881 /* Build configuration list for PBXProject "BuildBenchmark" */ = {
			isa = XCConfigurationList;
			buildConfigurations = (
				E54AE705273E6E2300881881 /* Debug */,
				E54AE706273E6E2300881881 /* Release */,
			);
			defaultConfigurationIsVisible = 0;
			defaultConfigurationName = Release;
		};
		E54AE707273E6E2300881881 /* Build configuration list for PBXNativeTarget "BuildBenchmark" */ = {
			isa = XCConfigurationList;
			buildConfigurations = (
				E54AE708273E6E2300881881 /* Debug */,
				E54AE709273E6E2300881881 /* Release */,
			);
			defaultConfigurationIsVisible = 0;
			defaultConfigurationName = Release;
		};
/* End XCConfigurationList section */

/* Begin XCRemoteSwiftPackageReference section */
		E54AE70D273E6EB600881881 /* XCRemoteSwiftPackageReference "Alamofire" */ = {
			isa = XCRemoteSwiftPackageReference;
			repositoryURL = "https://github.com/Alamofire/Alamofire.git";
			requirement = {
				kind = upToNextMajorVersion;
				minimumVersion = 5.0.0;
			};
		};
		E54AE710273E6EEB00881881 /* XCRemoteSwiftPackageReference "realm-cocoa" */ = {
			isa = XCRemoteSwiftPackageReference;
			repositoryURL = "https://github.com/realm/realm-cocoa.git";
			requirement = {
				kind = upToNextMajorVersion;
				minimumVersion = 5.0.0;
			};
		};
		E54AE715273E6F7300881881 /* XCRemoteSwiftPackageReference "KeychainAccess" */ = {
			isa = XCRemoteSwiftPackageReference;
			repositoryURL = "https://github.com/kishikawakatsumi/KeychainAccess.git";
			requirement = {
				kind = upToNextMajorVersion;
				minimumVersion = 4.0.0;
			};
		};
		E54AE718273E6F9800881881 /* XCRemoteSwiftPackageReference "RxSwift" */ = {
			isa = XCRemoteSwiftPackageReference;
			repositoryURL = "https://github.com/ReactiveX/RxSwift.git";
			requirement = {
				kind = upToNextMajorVersion;
				minimumVersion = 6.0.0;
			};
		};
		E54AE721273E706600881881 /* XCRemoteSwiftPackageReference "firebase-ios-sdk" */ = {
			isa = XCRemoteSwiftPackageReference;
			repositoryURL = "https://github.com/firebase/firebase-ios-sdk.git";
			requirement = {
				kind = upToNextMajorVersion;
				minimumVersion = 8.0.0;
			};
		};
/* End XCRemoteSwiftPackageReference section */

/* Begin XCSwiftPackageProductDependency section */
		E54AE70E273E6EB600881881 /* Alamofire */ = {
			isa = XCSwiftPackageProductDependency;
			package = E54AE70D273E6EB600881881 /* XCRemoteSwiftPackageReference "Alamofire" */;
			productName = Alamofire;
		};
		E54AE711273E6EEB00881881 /* Realm */ = {
			isa = XCSwiftPackageProductDependency;
			package = E54AE710273E6EEB00881881 /* XCRemoteSwiftPackageReference "realm-cocoa" */;
			productName = Realm;
		};
		E54AE713273E6EEB00881881 /* RealmSwift */ = {
			isa = XCSwiftPackageProductDependency;
			package = E54AE710273E6EEB00881881 /* XCRemoteSwiftPackageReference "realm-cocoa" */;
			productName = RealmSwift;
		};
		E54AE716273E6F7300881881 /* KeychainAccess */ = {
			isa = XCSwiftPackageProductDependency;
			package = E54AE715273E6F7300881881 /* XCRemoteSwiftPackageReference "KeychainAccess" */;
			productName = KeychainAccess;
		};
		E54AE719273E6F9800881881 /* RxBlocking */ = {
			isa = XCSwiftPackageProductDependency;
			package = E54AE718273E6F9800881881 /* XCRemoteSwiftPackageReference "RxSwift" */;
			productName = RxBlocking;
		};
		E54AE71B273E6F9800881881 /* RxCocoa */ = {
			isa = XCSwiftPackageProductDependency;
			package = E54AE718273E6F9800881881 /* XCRemoteSwiftPackageReference "RxSwift" */;
			productName = RxCocoa;
		};
		E54AE71D273E6F9800881881 /* RxRelay */ = {
			isa = XCSwiftPackageProductDependency;
			package = E54AE718273E6F9800881881 /* XCRemoteSwiftPackageReference "RxSwift" */;
			productName = RxRelay;
		};
		E54AE71F273E6F9800881881 /* RxSwift */ = {
			isa = XCSwiftPackageProductDependency;
			package = E54AE718273E6F9800881881 /* XCRemoteSwiftPackageReference "RxSwift" */;
			productName = RxSwift;
		};
		E54AE722273E706600881881 /* FirebaseAnalytics */ = {
			isa = XCSwiftPackageProductDependency;
			package = E54AE721273E706600881881 /* XCRemoteSwiftPackageReference "firebase-ios-sdk" */;
			productName = FirebaseAnalytics;
		};
		E54AE724273E706600881881 /* FirebaseAuth */ = {
			isa = XCSwiftPackageProductDependency;
			package = E54AE721273E706600881881 /* XCRemoteSwiftPackageReference "firebase-ios-sdk" */;
			productName = FirebaseAuth;
		};
		E54AE726273E706600881881 /* FirebaseCrashlytics */ = {
			isa = XCSwiftPackageProductDependency;
			package = E54AE721273E706600881881 /* XCRemoteSwiftPackageReference "firebase-ios-sdk" */;
			productName = FirebaseCrashlytics;
		};
		E54AE728273E706600881881 /* FirebaseFirestore */ = {
			isa = XCSwiftPackageProductDependency;
			package = E54AE721273E706600881881 /* XCRemoteSwiftPackageReference "firebase-ios-sdk" */;
			productName = FirebaseFirestore;
		};
		E54AE72A273E706600881881 /* FirebaseMessaging */ = {
			isa = XCSwiftPackageProductDependency;
			package = E54AE721273E706600881881 /* XCRemoteSwiftPackageReference "firebase-ios-sdk" */;
			productName = FirebaseMessaging;
		};
		E54AE72C273E706600881881 /* FirebaseRemoteConfig */ = {
			isa = XCSwiftPackageProductDependency;
			package = E54AE721273E706600881881 /* XCRemoteSwiftPackageReference "firebase-ios-sdk" */;
			productName = FirebaseRemoteConfig;
		};
		E54AE72E273E706600881881 /* FirebaseStorage */ = {
			isa = XCSwiftPackageProductDependency;
			package = E54AE721273E706600881881 /* XCRemoteSwiftPackageReference "firebase-ios-sdk" */;
			productName = FirebaseStorage;
		};
/* End XCSwiftPackageProductDependency section */
	};
	rootObject = E54AE6F1273E6E2200881881 /* Project object */;
}
